
Microsoft Visual Studio Solution File, Format Version 12.00
# Visual Studio 15
VisualStudioVersion = 15.0.27703.2000
MinimumVisualStudioVersion = 10.0.40219.1
Project("{E24C65DC-7377-472B-9ABA-BC803B73C61A}") = "Interior", "http://localhost/Interior", "{5C13A7DF-29A3-49EB-B9BC-045F2FBE18FE}"
	ProjectSection(WebsiteProperties) = preProject
		UseIISExpress = "false"
		TargetFrameworkMoniker = ".NETFramework,Version%3Dv4.0"
		ProjectReferences = "{f499b952-32ab-498d-8c4b-c636d1a24d4d}|Timex.Shared.dll;"
		Debug.AspNetCompiler.VirtualPath = "/Interior"
		Debug.AspNetCompiler.PhysicalPath = "Code\"
		Debug.AspNetCompiler.TargetPath = "PrecompiledWeb\Interior\"
		Debug.AspNetCompiler.Updateable = "true"
		Debug.AspNetCompiler.ForceOverwrite = "true"
		Debug.AspNetCompiler.FixedNames = "false"
		Debug.AspNetCompiler.Debug = "True"
		Release.AspNetCompiler.VirtualPath = "/Interior"
		Release.AspNetCompiler.PhysicalPath = "Code\"
		Release.AspNetCompiler.TargetPath = "PrecompiledWeb\Interior\"
		Release.AspNetCompiler.Updateable = "true"
		Release.AspNetCompiler.ForceOverwrite = "true"
		Release.AspNetCompiler.FixedNames = "false"
		Release.AspNetCompiler.Debug = "False"
		SlnRelativePath = "Code\"
	EndProjectSection
EndProject
Project("{FAE04EC0-301F-11D3-BF4B-00C04F79EFBC}") = "Timex.DAL", "Timex.DAL\Timex.DAL.csproj", "{77F9BC95-7016-422D-B793-83D47197C0F1}"
EndProject
Project("{FAE04EC0-301F-11D3-BF4B-00C04F79EFBC}") = "Timex.Shared", "Timex.Shared\Timex.Shared.csproj", "{F499B952-32AB-498D-8C4B-C636D1A24D4D}"
EndProject
Global
	GlobalSection(SolutionConfigurationPlatforms) = preSolution
		Debug|Any CPU = Debug|Any CPU
		Release|Any CPU = Release|Any CPU
	EndGlobalSection
	GlobalSection(ProjectConfigurationPlatforms) = postSolution
		{5C13A7DF-29A3-49EB-B9BC-045F2FBE18FE}.Debug|Any CPU.ActiveCfg = Debug|Any CPU
		{5C13A7DF-29A3-49EB-B9BC-045F2FBE18FE}.Debug|Any CPU.Build.0 = Debug|Any CPU
		{5C13A7DF-29A3-49EB-B9BC-045F2FBE18FE}.Release|Any CPU.ActiveCfg = Debug|Any CPU
		{5C13A7DF-29A3-49EB-B9BC-045F2FBE18FE}.Release|Any CPU.Build.0 = Debug|Any CPU
		{77F9BC95-7016-422D-B793-83D47197C0F1}.Debug|Any CPU.ActiveCfg = Debug|Any CPU
		{77F9BC95-7016-422D-B793-83D47197C0F1}.Debug|Any CPU.Build.0 = Debug|Any CPU
		{77F9BC95-7016-422D-B793-83D47197C0F1}.Release|Any CPU.ActiveCfg = Release|Any CPU
		{77F9BC95-7016-422D-B793-83D47197C0F1}.Release|Any CPU.Build.0 = Release|Any CPU
		{F499B952-32AB-498D-8C4B-C636D1A24D4D}.Debug|Any CPU.ActiveCfg = Debug|Any CPU
		{F499B952-32AB-498D-8C4B-C636D1A24D4D}.Debug|Any CPU.Build.0 = Debug|Any CPU
		{F499B952-32AB-498D-8C4B-C636D1A24D4D}.Release|Any CPU.ActiveCfg = Release|Any CPU
		{F499B952-32AB-498D-8C4B-C636D1A24D4D}.Release|Any CPU.Build.0 = Release|Any CPU
	EndGlobalSection
	GlobalSection(SolutionProperties) = preSolution
		HideSolutionNode = FALSE
	EndGlobalSection
	GlobalSection(ExtensibilityGlobals) = postSolution
		SolutionGuid = {2BA1257F-9855-4CA7-B3B1-CEEEE46CC5BC}
	EndGlobalSection
EndGlobal
